// !$*UTF8*$!
{
	archiveVersion = 1;
	classes = {
	};
	objectVersion = 46;
	objects = {

/* Begin PBXBuildFile section */
		C93615111A7D806F00AFECB4 /* AppDelegate.m in Sources */ = {isa = PBXBuildFile; fileRef = C93615071A7D806F00AFECB4 /* AppDelegate.m */; };
		C93615121A7D806F00AFECB4 /* DataViewController.m in Sources */ = {isa = PBXBuildFile; fileRef = C93615091A7D806F00AFECB4 /* DataViewController.m */; };
		C93615131A7D806F00AFECB4 /* DataViewController.xib in Resources */ = {isa = PBXBuildFile; fileRef = C936150A1A7D806F00AFECB4 /* DataViewController.xib */; };
		C93615141A7D806F00AFECB4 /* Images.xcassets in Resources */ = {isa = PBXBuildFile; fileRef = C936150B1A7D806F00AFECB4 /* Images.xcassets */; };
		C93615151A7D806F00AFECB4 /* ModelController.m in Sources */ = {isa = PBXBuildFile; fileRef = C936150D1A7D806F00AFECB4 /* ModelController.m */; };
		C93615161A7D806F00AFECB4 /* PageViewController.m in Sources */ = {isa = PBXBuildFile; fileRef = C936150F1A7D806F00AFECB4 /* PageViewController.m */; };
		C93615171A7D806F00AFECB4 /* PageViewController.xib in Resources */ = {isa = PBXBuildFile; fileRef = C93615101A7D806F00AFECB4 /* PageViewController.xib */; };
		C936151B1A7D807E00AFECB4 /* main.m in Sources */ = {isa = PBXBuildFile; fileRef = C93615181A7D807E00AFECB4 /* main.m */; };
		C952C48717626F620021A0BA /* WLPageViewController.m in Sources */ = {isa = PBXBuildFile; fileRef = C952C48617626F620021A0BA /* WLPageViewController.m */; };
		C98F5E18177B39C2006044A1 /* WLContainerController.m in Sources */ = {isa = PBXBuildFile; fileRef = C98F5E15177B39C2006044A1 /* WLContainerController.m */; };
/* End PBXBuildFile section */

/* Begin PBXFileReference section */
		C93615061A7D806F00AFECB4 /* AppDelegate.h */ = {isa = PBXFileReference; fileEncoding = 4; lastKnownFileType = sourcecode.c.h; name = AppDelegate.h; path = Demo/AppDelegate.h; sourceTree = SOURCE_ROOT; };
		C93615071A7D806F00AFECB4 /* AppDelegate.m */ = {isa = PBXFileReference; fileEncoding = 4; lastKnownFileType = sourcecode.c.objc; name = AppDelegate.m; path = Demo/AppDelegate.m; sourceTree = SOURCE_ROOT; };
		C93615081A7D806F00AFECB4 /* DataViewController.h */ = {isa = PBXFileReference; fileEncoding = 4; lastKnownFileType = sourcecode.c.h; name = DataViewController.h; path = Demo/DataViewController.h; sourceTree = SOURCE_ROOT; };
		C93615091A7D806F00AFECB4 /* DataViewController.m */ = {isa = PBXFileReference; fileEncoding = 4; lastKnownFileType = sourcecode.c.objc; name = DataViewController.m; path = Demo/DataViewController.m; sourceTree = SOURCE_ROOT; };
		C936150A1A7D806F00AFECB4 /* DataViewController.xib */ = {isa = PBXFileReference; fileEncoding = 4; lastKnownFileType = file.xib; name = DataViewController.xib; path = Demo/DataViewController.xib; sourceTree = SOURCE_ROOT; };
		C936150B1A7D806F00AFECB4 /* Images.xcassets */ = {isa = PBXFileReference; lastKnownFileType = folder.assetcatalog; name = Images.xcassets; path = Demo/Images.xcassets; sourceTree = SOURCE_ROOT; };
		C936150C1A7D806F00AFECB4 /* ModelController.h */ = {isa = PBXFileReference; fileEncoding = 4; lastKnownFileType = sourcecode.c.h; name = ModelController.h; path = Demo/ModelController.h; sourceTree = SOURCE_ROOT; };
		C936150D1A7D806F00AFECB4 /* ModelController.m */ = {isa = PBXFileReference; fileEncoding = 4; lastKnownFileType = sourcecode.c.objc; name = ModelController.m; path = Demo/ModelController.m; sourceTree = SOURCE_ROOT; };
		C936150E1A7D806F00AFECB4 /* PageViewController.h */ = {isa = PBXFileReference; fileEncoding = 4; lastKnownFileType = sourcecode.c.h; name = PageViewController.h; path = Demo/PageViewController.h; sourceTree = SOURCE_ROOT; };
		C936150F1A7D806F00AFECB4 /* PageViewController.m */ = {isa = PBXFileReference; fileEncoding = 4; lastKnownFileType = sourcecode.c.objc; name = PageViewController.m; path = Demo/PageViewController.m; sourceTree = SOURCE_ROOT; };
		C93615101A7D806F00AFECB4 /* PageViewController.xib */ = {isa = PBXFileReference; fileEncoding = 4; lastKnownFileType = file.xib; name = PageViewController.xib; path = Demo/PageViewController.xib; sourceTree = SOURCE_ROOT; };
		C93615181A7D807E00AFECB4 /* main.m */ = {isa = PBXFileReference; fileEncoding = 4; lastKnownFileType = sourcecode.c.objc; name = main.m; path = Demo/main.m; sourceTree = SOURCE_ROOT; };
		C93615191A7D807E00AFECB4 /* WLPageViewController-Info.plist */ = {isa = PBXFileReference; fileEncoding = 4; lastKnownFileType = text.plist.xml; name = "WLPageViewController-Info.plist"; path = "Demo/WLPageViewController-Info.plist"; sourceTree = SOURCE_ROOT; };
		C952C46417626F490021A0BA /* WLPageViewController.app */ = {isa = PBXFileReference; explicitFileType = wrapper.application; includeInIndex = 0; path = WLPageViewController.app; sourceTree = BUILT_PRODUCTS_DIR; };
		C952C48517626F620021A0BA /* WLPageViewController.h */ = {isa = PBXFileReference; fileEncoding = 4; lastKnownFileType = sourcecode.c.h; path = WLPageViewController.h; sourceTree = "<group>"; };
		C952C48617626F620021A0BA /* WLPageViewController.m */ = {isa = PBXFileReference; fileEncoding = 4; lastKnownFileType = sourcecode.c.objc; path = WLPageViewController.m; sourceTree = "<group>"; };
		C98F5E14177B39C2006044A1 /* WLContainerController.h */ = {isa = PBXFileReference; fileEncoding = 4; lastKnownFileType = sourcecode.c.h; name = WLContainerController.h; path = WLContainerControllers/WLContainerControllers/WLContainerController.h; sourceTree = SOURCE_ROOT; };
		C98F5E15177B39C2006044A1 /* WLContainerController.m */ = {isa = PBXFileReference; fileEncoding = 4; lastKnownFileType = sourcecode.c.objc; name = WLContainerController.m; path = WLContainerControllers/WLContainerControllers/WLContainerController.m; sourceTree = SOURCE_ROOT; };
		C98F5E1A177B3C29006044A1 /* LICENSE */ = {isa = PBXFileReference; lastKnownFileType = text; path = LICENSE; sourceTree = SOURCE_ROOT; };
		C98F5E1B177B3C29006044A1 /* README.md */ = {isa = PBXFileReference; lastKnownFileType = text; path = README.md; sourceTree = SOURCE_ROOT; };
/* End PBXFileReference section */

/* Begin PBXFrameworksBuildPhase section */
		C952C46117626F490021A0BA /* Frameworks */ = {
			isa = PBXFrameworksBuildPhase;
			buildActionMask = 2147483647;
			files = (
			);
			runOnlyForDeploymentPostprocessing = 0;
		};
/* End PBXFrameworksBuildPhase section */

/* Begin PBXGroup section */
		C952C45B17626F490021A0BA = {
			isa = PBXGroup;
			children = (
				C952C46D17626F490021A0BA /* WLPageViewController */,
				C952C48417626F4E0021A0BA /* Demo */,
				C952C46517626F490021A0BA /* Products */,
			);
			sourceTree = "<group>";
		};
		C952C46517626F490021A0BA /* Products */ = {
			isa = PBXGroup;
			children = (
				C952C46417626F490021A0BA /* WLPageViewController.app */,
			);
			name = Products;
			sourceTree = "<group>";
		};
		C952C46D17626F490021A0BA /* WLPageViewController */ = {
			isa = PBXGroup;
			children = (
				C98F5E1B177B3C29006044A1 /* README.md */,
				C98F5E1A177B3C29006044A1 /* LICENSE */,
				C952C48C17626FD60021A0BA /* Dependence */,
				C952C48517626F620021A0BA /* WLPageViewController.h */,
				C952C48617626F620021A0BA /* WLPageViewController.m */,
			);
			path = WLPageViewController;
			sourceTree = "<group>";
		};
		C952C46E17626F490021A0BA /* Supporting Files */ = {
			isa = PBXGroup;
			children = (
				C93615181A7D807E00AFECB4 /* main.m */,
				C93615191A7D807E00AFECB4 /* WLPageViewController-Info.plist */,
			);
			name = "Supporting Files";
			sourceTree = "<group>";
		};
		C952C48417626F4E0021A0BA /* Demo */ = {
			isa = PBXGroup;
			children = (
				C93615061A7D806F00AFECB4 /* AppDelegate.h */,
				C93615071A7D806F00AFECB4 /* AppDelegate.m */,
				C93615081A7D806F00AFECB4 /* DataViewController.h */,
				C93615091A7D806F00AFECB4 /* DataViewController.m */,
				C936150A1A7D806F00AFECB4 /* DataViewController.xib */,
				C936150B1A7D806F00AFECB4 /* Images.xcassets */,
				C936150C1A7D806F00AFECB4 /* ModelController.h */,
				C936150D1A7D806F00AFECB4 /* ModelController.m */,
				C936150E1A7D806F00AFECB4 /* PageViewController.h */,
				C936150F1A7D806F00AFECB4 /* PageViewController.m */,
				C93615101A7D806F00AFECB4 /* PageViewController.xib */,
				C952C46E17626F490021A0BA /* Supporting Files */,
			);
			name = Demo;
			path = WLPageViewController;
			sourceTree = "<group>";
		};
		C952C48C17626FD60021A0BA /* Dependence */ = {
			isa = PBXGroup;
			children = (
				C9F06006177A4F7900978AF2 /* WLContainerControllers */,
			);
			name = Dependence;
			sourceTree = "<group>";
		};
		C9F06006177A4F7900978AF2 /* WLContainerControllers */ = {
			isa = PBXGroup;
			children = (
				C98F5E14177B39C2006044A1 /* WLContainerController.h */,
				C98F5E15177B39C2006044A1 /* WLContainerController.m */,
			);
			name = WLContainerControllers;
			sourceTree = "<group>";
		};
/* End PBXGroup section */

/* Begin PBXNativeTarget section */
		C952C46317626F490021A0BA /* WLPageViewController */ = {
			isa = PBXNativeTarget;
			buildConfigurationList = C952C48117626F490021A0BA /* Build configuration list for PBXNativeTarget "WLPageViewController" */;
			buildPhases = (
				C952C46017626F490021A0BA /* Sources */,
				C952C46117626F490021A0BA /* Frameworks */,
				C952C46217626F490021A0BA /* Resources */,
			);
			buildRules = (
			);
			dependencies = (
			);
			name = WLPageViewController;
			productName = WLPageViewController;
			productReference = C952C46417626F490021A0BA /* WLPageViewController.app */;
			productType = "com.apple.product-type.application";
		};
/* End PBXNativeTarget section */

/* Begin PBXProject section */
		C952C45C17626F490021A0BA /* Project object */ = {
			isa = PBXProject;
			attributes = {
				LastUpgradeCheck = 0700;
				ORGANIZATIONNAME = Moke;
			};
			buildConfigurationList = C952C45F17626F490021A0BA /* Build configuration list for PBXProject "WLPageViewController" */;
			compatibilityVersion = "Xcode 3.2";
			developmentRegion = English;
			hasScannedForEncodings = 0;
			knownRegions = (
				en,
			);
			mainGroup = C952C45B17626F490021A0BA;
			productRefGroup = C952C46517626F490021A0BA /* Products */;
			projectDirPath = "";
			projectRoot = "";
			targets = (
				C952C46317626F490021A0BA /* WLPageViewController */,
			);
		};
/* End PBXProject section */

/* Begin PBXResourcesBuildPhase section */
		C952C46217626F490021A0BA /* Resources */ = {
			isa = PBXResourcesBuildPhase;
			buildActionMask = 2147483647;
			files = (
				C93615141A7D806F00AFECB4 /* Images.xcassets in Resources */,
				C93615131A7D806F00AFECB4 /* DataViewController.xib in Resources */,
				C93615171A7D806F00AFECB4 /* PageViewController.xib in Resources */,
			);
			runOnlyForDeploymentPostprocessing = 0;
		};
/* End PBXResourcesBuildPhase section */

/* Begin PBXSourcesBuildPhase section */
		C952C46017626F490021A0BA /* Sources */ = {
			isa = PBXSourcesBuildPhase;
			buildActionMask = 2147483647;
			files = (
				C93615111A7D806F00AFECB4 /* AppDelegate.m in Sources */,
				C952C48717626F620021A0BA /* WLPageViewController.m in Sources */,
				C93615151A7D806F00AFECB4 /* ModelController.m in Sources */,
				C98F5E18177B39C2006044A1 /* WLContainerController.m in Sources */,
				C93615121A7D806F00AFECB4 /* DataViewController.m in Sources */,
				C936151B1A7D807E00AFECB4 /* main.m in Sources */,
				C93615161A7D806F00AFECB4 /* PageViewController.m in Sources */,
			);
			runOnlyForDeploymentPostprocessing = 0;
		};
/* End PBXSourcesBuildPhase section */

/* Begin XCBuildConfiguration section */
		C952C47F17626F490021A0BA /* Debug */ = {
			isa = XCBuildConfiguration;
			buildSettings = {
				ALWAYS_SEARCH_USER_PATHS = NO;
				CLANG_CXX_LANGUAGE_STANDARD = "gnu++0x";
				CLANG_CXX_LIBRARY = "libc++";
				CLANG_ENABLE_MODULES = YES;
				CLANG_ENABLE_OBJC_ARC = YES;
				CLANG_WARN_DEPRECATED_OBJC_IMPLEMENTATIONS = YES;
				CLANG_WARN_OBJC_EXPLICIT_OWNERSHIP_TYPE = YES;
				CLANG_WARN_OBJC_IMPLICIT_ATOMIC_PROPERTIES = YES;
				CLANG_WARN__DUPLICATE_METHOD_MATCH = YES;
				"CODE_SIGN_IDENTITY[sdk=iphoneos*]" = "iPhone Developer";
				COPY_PHASE_STRIP = NO;
				ENABLE_TESTABILITY = YES;
				GCC_C_LANGUAGE_STANDARD = gnu99;
				GCC_DYNAMIC_NO_PIC = NO;
				GCC_OPTIMIZATION_LEVEL = 0;
				GCC_PREPROCESSOR_DEFINITIONS = (
					"DEBUG=1",
					"$(inherited)",
				);
				GCC_SYMBOLS_PRIVATE_EXTERN = NO;
				GCC_WARN_STRICT_SELECTOR_MATCH = YES;
				GCC_WARN_UNDECLARED_SELECTOR = YES;
				IPHONEOS_DEPLOYMENT_TARGET = 6.1;
				ONLY_ACTIVE_ARCH = YES;
				OTHER_CFLAGS = (
					"-Wall",
					"-Wextra",
					"-Wno-unused-parameter",
				);
				SDKROOT = iphoneos;
				TARGETED_DEVICE_FAMILY = "1,2";
			};
			name = Debug;
		};
		C952C48017626F490021A0BA /* Release */ = {
			isa = XCBuildConfiguration;
			buildSettings = {
				ALWAYS_SEARCH_USER_PATHS = NO;
				CLANG_CXX_LANGUAGE_STANDARD = "gnu++0x";
				CLANG_CXX_LIBRARY = "libc++";
				CLANG_ENABLE_MODULES = YES;
				CLANG_ENABLE_OBJC_ARC = YES;
				CLANG_WARN_DEPRECATED_OBJC_IMPLEMENTATIONS = YES;
				CLANG_WARN_OBJC_EXPLICIT_OWNERSHIP_TYPE = YES;
				CLANG_WARN_OBJC_IMPLICIT_ATOMIC_PROPERTIES = YES;
				CLANG_WARN__DUPLICATE_METHOD_MATCH = YES;
				"CODE_SIGN_IDENTITY[sdk=iphoneos*]" = "iPhone Developer";
				COPY_PHASE_STRIP = YES;
				GCC_C_LANGUAGE_STANDARD = gnu99;
				GCC_WARN_STRICT_SELECTOR_MATCH = YES;
				GCC_WARN_UNDECLARED_SELECTOR = YES;
				IPHONEOS_DEPLOYMENT_TARGET = 6.1;
				OTHER_CFLAGS = (
					"-Wall",
					"-Wextra",
					"-Wno-unused-parameter",
				);
				SDKROOT = iphoneos;
				TARGETED_DEVICE_FAMILY = "1,2";
				VALIDATE_PRODUCT = YES;
			};
			name = Release;
		};
		C952C48217626F490021A0BA /* Debug */ = {
			isa = XCBuildConfiguration;
			buildSettings = {
				ASSETCATALOG_COMPILER_APPICON_NAME = AppIcon;
				ASSETCATALOG_COMPILER_LAUNCHIMAGE_NAME = LaunchImage;
				INFOPLIST_FILE = "Demo/WLPageViewController-Info.plist";
				IPHONEOS_DEPLOYMENT_TARGET = 6.0;
				PRODUCT_BUNDLE_IDENTIFIER = "com.moke.${PRODUCT_NAME:rfc1034identifier}";
				PRODUCT_NAME = "$(TARGET_NAME)";
			};
			name = Debug;
		};
		C952C48317626F490021A0BA /* Release */ = {
			isa = XCBuildConfiguration;
			buildSettings = {
				ASSETCATALOG_COMPILER_APPICON_NAME = AppIcon;
				ASSETCATALOG_COMPILER_LAUNCHIMAGE_NAME = LaunchImage;
				INFOPLIST_FILE = "Demo/WLPageViewController-Info.plist";
				IPHONEOS_DEPLOYMENT_TARGET = 6.0;
				PRODUCT_BUNDLE_IDENTIFIER = "com.moke.${PRODUCT_NAME:rfc1034identifier}";
				PRODUCT_NAME = "$(TARGET_NAME)";
			};
			name = Release;
		};
/* End XCBuildConfiguration section */

/* Begin XCConfigurationList section */
		C952C45F17626F490021A0BA /* Build configuration list for PBXProject "WLPageViewController" */ = {
			isa = XCConfigurationList;
			buildConfigurations = (
				C952C47F17626F490021A0BA /* Debug */,
				C952C48017626F490021A0BA /* Release */,
			);
			defaultConfigurationIsVisible = 0;
			defaultConfigurationName = Release;
		};
		C952C48117626F490021A0BA /* Build configuration list for PBXNativeTarget "WLPageViewController" */ = {
			isa = XCConfigurationList;
			buildConfigurations = (
				C952C48217626F490021A0BA /* Debug */,
				C952C48317626F490021A0BA /* Release */,
			);
			defaultConfigurationIsVisible = 0;
			defaultConfigurationName = Release;
		};
/* End XCConfigurationList section */
	};
	rootObject = C952C45C17626F490021A0BA /* Project object */;
}
