// !$*UTF8*$!
{
	archiveVersion = 1;
	classes = {
	};
	objectVersion = 46;
	objects = {

/* Begin PBXBuildFile section */
		1D3623260D0F684500981E51 /* WLContainerControllersAppDelegate.m in Sources */ = {isa = PBXBuildFile; fileRef = 1D3623250D0F684500981E51 /* WLContainerControllersAppDelegate.m */; };
		1D60589B0D05DD56006BFB54 /* main.m in Sources */ = {isa = PBXBuildFile; fileRef = 29B97316FDCFA39411CA2CEA /* main.m */; };
		1D60589F0D05DD5A006BFB54 /* Foundation.framework in Frameworks */ = {isa = PBXBuildFile; fileRef = 1D30AB110D05D00D00671497 /* Foundation.framework */; };
		1DF5F4E00D08C38300B7A737 /* UIKit.framework in Frameworks */ = {isa = PBXBuildFile; fileRef = 1DF5F4DF0D08C38300B7A737 /* UIKit.framework */; };
		2892E4100DC94CBA00A64D0F /* CoreGraphics.framework in Frameworks */ = {isa = PBXBuildFile; fileRef = 2892E40F0DC94CBA00A64D0F /* CoreGraphics.framework */; };
		C90BC36C12D291EE002D24F5 /* DetailViewController.m in Sources */ = {isa = PBXBuildFile; fileRef = C90BC36B12D291EE002D24F5 /* DetailViewController.m */; };
		C90BC48912D29CF2002D24F5 /* MasterViewController.m in Sources */ = {isa = PBXBuildFile; fileRef = C90BC48812D29CF2002D24F5 /* MasterViewController.m */; };
		C91E8B3412AC86310083E558 /* corner_bottom.png in Resources */ = {isa = PBXBuildFile; fileRef = C91E8B2B12AC86310083E558 /* corner_bottom.png */; };
		C91E8B3512AC86310083E558 /* corner_bottom@2x.png in Resources */ = {isa = PBXBuildFile; fileRef = C91E8B2C12AC86310083E558 /* corner_bottom@2x.png */; };
		C91E8B3612AC86310083E558 /* corner_left.png in Resources */ = {isa = PBXBuildFile; fileRef = C91E8B2D12AC86310083E558 /* corner_left.png */; };
		C91E8B3712AC86310083E558 /* corner_left@2x.png in Resources */ = {isa = PBXBuildFile; fileRef = C91E8B2E12AC86310083E558 /* corner_left@2x.png */; };
		C91E8B3812AC86310083E558 /* corner_right.png in Resources */ = {isa = PBXBuildFile; fileRef = C91E8B2F12AC86310083E558 /* corner_right.png */; };
		C91E8B3912AC86310083E558 /* corner_right@2x.png in Resources */ = {isa = PBXBuildFile; fileRef = C91E8B3012AC86310083E558 /* corner_right@2x.png */; };
		C91E8B3A12AC86310083E558 /* corner_top.png in Resources */ = {isa = PBXBuildFile; fileRef = C91E8B3112AC86310083E558 /* corner_top.png */; };
		C91E8B3B12AC86310083E558 /* corner_top@2x.png in Resources */ = {isa = PBXBuildFile; fileRef = C91E8B3212AC86310083E558 /* corner_top@2x.png */; };
		C941FBF712A6EF5100FB1ADD /* WLSplitViewController.m in Sources */ = {isa = PBXBuildFile; fileRef = C941FBF612A6EF5100FB1ADD /* WLSplitViewController.m */; };
		C96012DF13ABD2DD005F871B /* NSObject+WLExtension.m in Sources */ = {isa = PBXBuildFile; fileRef = C96012DE13ABD2DD005F871B /* NSObject+WLExtension.m */; };
		C96012E213ABD338005F871B /* NSString+WLExtension.m in Sources */ = {isa = PBXBuildFile; fileRef = C96012E113ABD338005F871B /* NSString+WLExtension.m */; };
		C9D0AC9E11F0943000A84A80 /* WLSwitchController.m in Sources */ = {isa = PBXBuildFile; fileRef = C9D0AC9911F0943000A84A80 /* WLSwitchController.m */; };
		C9D0AC9F11F0943000A84A80 /* WLContainerController.m in Sources */ = {isa = PBXBuildFile; fileRef = C9D0AC9B11F0943000A84A80 /* WLContainerController.m */; };
		C9D0ACA011F0943000A84A80 /* ContentController.m in Sources */ = {isa = PBXBuildFile; fileRef = C9D0AC9D11F0943000A84A80 /* ContentController.m */; };
		C9D0ACA611F0946700A84A80 /* MainWindow.xib in Resources */ = {isa = PBXBuildFile; fileRef = C9D0ACA511F0946700A84A80 /* MainWindow.xib */; };
		C9D0ACA911F0947900A84A80 /* AViewController.xib in Resources */ = {isa = PBXBuildFile; fileRef = C9D0ACA711F0947900A84A80 /* AViewController.xib */; };
		C9D0ACAA11F0947900A84A80 /* BViewController.xib in Resources */ = {isa = PBXBuildFile; fileRef = C9D0ACA811F0947900A84A80 /* BViewController.xib */; };
		C9E3ABF0130B3743004A4940 /* UIViewController+WLViewController.m in Sources */ = {isa = PBXBuildFile; fileRef = C9E3ABEF130B3743004A4940 /* UIViewController+WLViewController.m */; };
/* End PBXBuildFile section */

/* Begin PBXFileReference section */
		1D30AB110D05D00D00671497 /* Foundation.framework */ = {isa = PBXFileReference; lastKnownFileType = wrapper.framework; name = Foundation.framework; path = System/Library/Frameworks/Foundation.framework; sourceTree = SDKROOT; };
		1D3623240D0F684500981E51 /* WLContainerControllersAppDelegate.h */ = {isa = PBXFileReference; fileEncoding = 4; lastKnownFileType = sourcecode.c.h; path = WLContainerControllersAppDelegate.h; sourceTree = "<group>"; };
		1D3623250D0F684500981E51 /* WLContainerControllersAppDelegate.m */ = {isa = PBXFileReference; fileEncoding = 4; lastKnownFileType = sourcecode.c.objc; path = WLContainerControllersAppDelegate.m; sourceTree = "<group>"; };
		1D6058910D05DD3D006BFB54 /* WLContainerControllers.app */ = {isa = PBXFileReference; explicitFileType = wrapper.application; includeInIndex = 0; path = WLContainerControllers.app; sourceTree = BUILT_PRODUCTS_DIR; };
		1DF5F4DF0D08C38300B7A737 /* UIKit.framework */ = {isa = PBXFileReference; lastKnownFileType = wrapper.framework; name = UIKit.framework; path = System/Library/Frameworks/UIKit.framework; sourceTree = SDKROOT; };
		2892E40F0DC94CBA00A64D0F /* CoreGraphics.framework */ = {isa = PBXFileReference; lastKnownFileType = wrapper.framework; name = CoreGraphics.framework; path = System/Library/Frameworks/CoreGraphics.framework; sourceTree = SDKROOT; };
		28A0AAE50D9B0CCF005BE974 /* WLContainerControllers_Prefix.pch */ = {isa = PBXFileReference; fileEncoding = 4; lastKnownFileType = sourcecode.c.h; path = WLContainerControllers_Prefix.pch; sourceTree = "<group>"; };
		29B97316FDCFA39411CA2CEA /* main.m */ = {isa = PBXFileReference; fileEncoding = 4; lastKnownFileType = sourcecode.c.objc; path = main.m; sourceTree = "<group>"; };
		8D1107310486CEB800E47090 /* WLContainerControllers-Info.plist */ = {isa = PBXFileReference; fileEncoding = 4; lastKnownFileType = text.plist.xml; path = "WLContainerControllers-Info.plist"; plistStructureDefinitionIdentifier = "com.apple.xcode.plist.structure-definition.iphone.info-plist"; sourceTree = "<group>"; };
		C90BC36A12D291EE002D24F5 /* DetailViewController.h */ = {isa = PBXFileReference; fileEncoding = 4; lastKnownFileType = sourcecode.c.h; path = DetailViewController.h; sourceTree = "<group>"; };
		C90BC36B12D291EE002D24F5 /* DetailViewController.m */ = {isa = PBXFileReference; fileEncoding = 4; lastKnownFileType = sourcecode.c.objc; path = DetailViewController.m; sourceTree = "<group>"; };
		C90BC48712D29CF2002D24F5 /* MasterViewController.h */ = {isa = PBXFileReference; fileEncoding = 4; lastKnownFileType = sourcecode.c.h; path = MasterViewController.h; sourceTree = "<group>"; };
		C90BC48812D29CF2002D24F5 /* MasterViewController.m */ = {isa = PBXFileReference; fileEncoding = 4; lastKnownFileType = sourcecode.c.objc; path = MasterViewController.m; sourceTree = "<group>"; };
		C91E8B2B12AC86310083E558 /* corner_bottom.png */ = {isa = PBXFileReference; lastKnownFileType = image.png; path = corner_bottom.png; sourceTree = "<group>"; };
		C91E8B2C12AC86310083E558 /* corner_bottom@2x.png */ = {isa = PBXFileReference; lastKnownFileType = image.png; path = "corner_bottom@2x.png"; sourceTree = "<group>"; };
		C91E8B2D12AC86310083E558 /* corner_left.png */ = {isa = PBXFileReference; lastKnownFileType = image.png; path = corner_left.png; sourceTree = "<group>"; };
		C91E8B2E12AC86310083E558 /* corner_left@2x.png */ = {isa = PBXFileReference; lastKnownFileType = image.png; path = "corner_left@2x.png"; sourceTree = "<group>"; };
		C91E8B2F12AC86310083E558 /* corner_right.png */ = {isa = PBXFileReference; lastKnownFileType = image.png; path = corner_right.png; sourceTree = "<group>"; };
		C91E8B3012AC86310083E558 /* corner_right@2x.png */ = {isa = PBXFileReference; lastKnownFileType = image.png; path = "corner_right@2x.png"; sourceTree = "<group>"; };
		C91E8B3112AC86310083E558 /* corner_top.png */ = {isa = PBXFileReference; lastKnownFileType = image.png; path = corner_top.png; sourceTree = "<group>"; };
		C91E8B3212AC86310083E558 /* corner_top@2x.png */ = {isa = PBXFileReference; lastKnownFileType = image.png; path = "corner_top@2x.png"; sourceTree = "<group>"; };
		C941FBF512A6EF5100FB1ADD /* WLSplitViewController.h */ = {isa = PBXFileReference; fileEncoding = 4; lastKnownFileType = sourcecode.c.h; path = WLSplitViewController.h; sourceTree = "<group>"; };
		C941FBF612A6EF5100FB1ADD /* WLSplitViewController.m */ = {isa = PBXFileReference; fileEncoding = 4; lastKnownFileType = sourcecode.c.objc; path = WLSplitViewController.m; sourceTree = "<group>"; };
		C96012DD13ABD2DD005F871B /* NSObject+WLExtension.h */ = {isa = PBXFileReference; fileEncoding = 4; lastKnownFileType = sourcecode.c.h; name = "NSObject+WLExtension.h"; path = "../../WLFoundation/NSObject+WLExtension.h"; sourceTree = "<group>"; };
		C96012DE13ABD2DD005F871B /* NSObject+WLExtension.m */ = {isa = PBXFileReference; fileEncoding = 4; lastKnownFileType = sourcecode.c.objc; name = "NSObject+WLExtension.m"; path = "../../WLFoundation/NSObject+WLExtension.m"; sourceTree = "<group>"; };
		C96012E013ABD338005F871B /* NSString+WLExtension.h */ = {isa = PBXFileReference; fileEncoding = 4; lastKnownFileType = sourcecode.c.h; name = "NSString+WLExtension.h"; path = "../../WLFoundation/NSString+WLExtension.h"; sourceTree = "<group>"; };
		C96012E113ABD338005F871B /* NSString+WLExtension.m */ = {isa = PBXFileReference; fileEncoding = 4; lastKnownFileType = sourcecode.c.objc; name = "NSString+WLExtension.m"; path = "../../WLFoundation/NSString+WLExtension.m"; sourceTree = "<group>"; };
		C9D0AC9811F0943000A84A80 /* WLSwitchController.h */ = {isa = PBXFileReference; fileEncoding = 4; lastKnownFileType = sourcecode.c.h; path = WLSwitchController.h; sourceTree = "<group>"; };
		C9D0AC9911F0943000A84A80 /* WLSwitchController.m */ = {isa = PBXFileReference; fileEncoding = 4; lastKnownFileType = sourcecode.c.objc; path = WLSwitchController.m; sourceTree = "<group>"; };
		C9D0AC9A11F0943000A84A80 /* WLContainerController.h */ = {isa = PBXFileReference; fileEncoding = 4; lastKnownFileType = sourcecode.c.h; path = WLContainerController.h; sourceTree = "<group>"; };
		C9D0AC9B11F0943000A84A80 /* WLContainerController.m */ = {isa = PBXFileReference; fileEncoding = 4; lastKnownFileType = sourcecode.c.objc; path = WLContainerController.m; sourceTree = "<group>"; };
		C9D0AC9C11F0943000A84A80 /* ContentController.h */ = {isa = PBXFileReference; fileEncoding = 4; lastKnownFileType = sourcecode.c.h; path = ContentController.h; sourceTree = "<group>"; };
		C9D0AC9D11F0943000A84A80 /* ContentController.m */ = {isa = PBXFileReference; fileEncoding = 4; lastKnownFileType = sourcecode.c.objc; path = ContentController.m; sourceTree = "<group>"; };
		C9D0ACA511F0946700A84A80 /* MainWindow.xib */ = {isa = PBXFileReference; lastKnownFileType = file.xib; path = MainWindow.xib; sourceTree = "<group>"; };
		C9D0ACA711F0947900A84A80 /* AViewController.xib */ = {isa = PBXFileReference; lastKnownFileType = file.xib; path = AViewController.xib; sourceTree = "<group>"; };
		C9D0ACA811F0947900A84A80 /* BViewController.xib */ = {isa = PBXFileReference; lastKnownFileType = file.xib; path = BViewController.xib; sourceTree = "<group>"; };
		C9E3ABEE130B3743004A4940 /* UIViewController+WLViewController.h */ = {isa = PBXFileReference; fileEncoding = 4; lastKnownFileType = sourcecode.c.h; path = "UIViewController+WLViewController.h"; sourceTree = "<group>"; };
		C9E3ABEF130B3743004A4940 /* UIViewController+WLViewController.m */ = {isa = PBXFileReference; fileEncoding = 4; lastKnownFileType = sourcecode.c.objc; path = "UIViewController+WLViewController.m"; sourceTree = "<group>"; };
/* End PBXFileReference section */

/* Begin PBXFrameworksBuildPhase section */
		1D60588F0D05DD3D006BFB54 /* Frameworks */ = {
			isa = PBXFrameworksBuildPhase;
			buildActionMask = 2147483647;
			files = (
				1D60589F0D05DD5A006BFB54 /* Foundation.framework in Frameworks */,
				1DF5F4E00D08C38300B7A737 /* UIKit.framework in Frameworks */,
				2892E4100DC94CBA00A64D0F /* CoreGraphics.framework in Frameworks */,
			);
			runOnlyForDeploymentPostprocessing = 0;
		};
/* End PBXFrameworksBuildPhase section */

/* Begin PBXGroup section */
		080E96DDFE201D6D7F000001 /* Classes */ = {
			isa = PBXGroup;
			children = (
				C9C633B111F1998100A09C37 /* External Libs */,
				C9D0ACFD11F096C400A84A80 /* WLContainerControllers */,
				1D3623240D0F684500981E51 /* WLContainerControllersAppDelegate.h */,
				1D3623250D0F684500981E51 /* WLContainerControllersAppDelegate.m */,
				C9D0AC9C11F0943000A84A80 /* ContentController.h */,
				C9D0AC9D11F0943000A84A80 /* ContentController.m */,
				C90BC48712D29CF2002D24F5 /* MasterViewController.h */,
				C90BC48812D29CF2002D24F5 /* MasterViewController.m */,
				C90BC36A12D291EE002D24F5 /* DetailViewController.h */,
				C90BC36B12D291EE002D24F5 /* DetailViewController.m */,
			);
			path = Classes;
			sourceTree = "<group>";
		};
		19C28FACFE9D520D11CA2CBB /* Products */ = {
			isa = PBXGroup;
			children = (
				1D6058910D05DD3D006BFB54 /* WLContainerControllers.app */,
			);
			name = Products;
			sourceTree = "<group>";
		};
		29B97314FDCFA39411CA2CEA /* CustomTemplate */ = {
			isa = PBXGroup;
			children = (
				080E96DDFE201D6D7F000001 /* Classes */,
				29B97315FDCFA39411CA2CEA /* Other Sources */,
				29B97317FDCFA39411CA2CEA /* Resources */,
				29B97323FDCFA39411CA2CEA /* Frameworks */,
				19C28FACFE9D520D11CA2CBB /* Products */,
			);
			name = CustomTemplate;
			sourceTree = "<group>";
		};
		29B97315FDCFA39411CA2CEA /* Other Sources */ = {
			isa = PBXGroup;
			children = (
				28A0AAE50D9B0CCF005BE974 /* WLContainerControllers_Prefix.pch */,
				29B97316FDCFA39411CA2CEA /* main.m */,
			);
			name = "Other Sources";
			sourceTree = "<group>";
		};
		29B97317FDCFA39411CA2CEA /* Resources */ = {
			isa = PBXGroup;
			children = (
				C91E8B2912AC86310083E558 /* Images */,
				C9D0ACA511F0946700A84A80 /* MainWindow.xib */,
				C9D0ACA711F0947900A84A80 /* AViewController.xib */,
				C9D0ACA811F0947900A84A80 /* BViewController.xib */,
				8D1107310486CEB800E47090 /* WLContainerControllers-Info.plist */,
			);
			name = Resources;
			sourceTree = "<group>";
		};
		29B97323FDCFA39411CA2CEA /* Frameworks */ = {
			isa = PBXGroup;
			children = (
				1DF5F4DF0D08C38300B7A737 /* UIKit.framework */,
				1D30AB110D05D00D00671497 /* Foundation.framework */,
				2892E40F0DC94CBA00A64D0F /* CoreGraphics.framework */,
			);
			name = Frameworks;
			sourceTree = "<group>";
		};
		C91E8B2912AC86310083E558 /* Images */ = {
			isa = PBXGroup;
			children = (
				C91E8B2B12AC86310083E558 /* corner_bottom.png */,
				C91E8B2C12AC86310083E558 /* corner_bottom@2x.png */,
				C91E8B2D12AC86310083E558 /* corner_left.png */,
				C91E8B2E12AC86310083E558 /* corner_left@2x.png */,
				C91E8B2F12AC86310083E558 /* corner_right.png */,
				C91E8B3012AC86310083E558 /* corner_right@2x.png */,
				C91E8B3112AC86310083E558 /* corner_top.png */,
				C91E8B3212AC86310083E558 /* corner_top@2x.png */,
			);
			path = Images;
			sourceTree = "<group>";
		};
		C9C633AC11F1997A00A09C37 /* WLFoundation */ = {
			isa = PBXGroup;
			children = (
				C96012DD13ABD2DD005F871B /* NSObject+WLExtension.h */,
				C96012DE13ABD2DD005F871B /* NSObject+WLExtension.m */,
				C96012E013ABD338005F871B /* NSString+WLExtension.h */,
				C96012E113ABD338005F871B /* NSString+WLExtension.m */,
			);
			name = WLFoundation;
			sourceTree = "<group>";
		};
		C9C633B111F1998100A09C37 /* External Libs */ = {
			isa = PBXGroup;
			children = (
				C9C633AC11F1997A00A09C37 /* WLFoundation */,
			);
			name = "External Libs";
			sourceTree = "<group>";
		};
		C9D0ACFD11F096C400A84A80 /* WLContainerControllers */ = {
			isa = PBXGroup;
			children = (
				C9D0AC9A11F0943000A84A80 /* WLContainerController.h */,
				C9D0AC9B11F0943000A84A80 /* WLContainerController.m */,
				C9D0AC9811F0943000A84A80 /* WLSwitchController.h */,
				C9D0AC9911F0943000A84A80 /* WLSwitchController.m */,
				C941FBF512A6EF5100FB1ADD /* WLSplitViewController.h */,
				C941FBF612A6EF5100FB1ADD /* WLSplitViewController.m */,
				C9E3ABEE130B3743004A4940 /* UIViewController+WLViewController.h */,
				C9E3ABEF130B3743004A4940 /* UIViewController+WLViewController.m */,
			);
			name = WLContainerControllers;
			sourceTree = "<group>";
		};
/* End PBXGroup section */

/* Begin PBXNativeTarget section */
		1D6058900D05DD3D006BFB54 /* WLContainerControllers */ = {
			isa = PBXNativeTarget;
			buildConfigurationList = 1D6058960D05DD3E006BFB54 /* Build configuration list for PBXNativeTarget "WLContainerControllers" */;
			buildPhases = (
				1D60588D0D05DD3D006BFB54 /* Resources */,
				1D60588E0D05DD3D006BFB54 /* Sources */,
				1D60588F0D05DD3D006BFB54 /* Frameworks */,
				C9D0AD2011F09BDE00A84A80 /* ShellScript */,
			);
			buildRules = (
			);
			dependencies = (
			);
			name = WLContainerControllers;
			productName = WLContainerControllers;
			productReference = 1D6058910D05DD3D006BFB54 /* WLContainerControllers.app */;
			productType = "com.apple.product-type.application";
		};
/* End PBXNativeTarget section */

/* Begin PBXProject section */
		29B97313FDCFA39411CA2CEA /* Project object */ = {
			isa = PBXProject;
			attributes = {
				LastUpgradeCheck = 0420;
				ORGANIZATIONNAME = "I Wonder Phone";
			};
			buildConfigurationList = C01FCF4E08A954540054247B /* Build configuration list for PBXProject "WLContainerControllers" */;
			compatibilityVersion = "Xcode 3.2";
			developmentRegion = English;
			hasScannedForEncodings = 1;
			knownRegions = (
				English,
				Japanese,
				French,
				German,
				en,
			);
			mainGroup = 29B97314FDCFA39411CA2CEA /* CustomTemplate */;
			projectDirPath = "";
			projectRoot = "";
			targets = (
				1D6058900D05DD3D006BFB54 /* WLContainerControllers */,
			);
		};
/* End PBXProject section */

/* Begin PBXResourcesBuildPhase section */
		1D60588D0D05DD3D006BFB54 /* Resources */ = {
			isa = PBXResourcesBuildPhase;
			buildActionMask = 2147483647;
			files = (
				C9D0ACA611F0946700A84A80 /* MainWindow.xib in Resources */,
				C9D0ACA911F0947900A84A80 /* AViewController.xib in Resources */,
				C9D0ACAA11F0947900A84A80 /* BViewController.xib in Resources */,
				C91E8B3412AC86310083E558 /* corner_bottom.png in Resources */,
				C91E8B3512AC86310083E558 /* corner_bottom@2x.png in Resources */,
				C91E8B3612AC86310083E558 /* corner_left.png in Resources */,
				C91E8B3712AC86310083E558 /* corner_left@2x.png in Resources */,
				C91E8B3812AC86310083E558 /* corner_right.png in Resources */,
				C91E8B3912AC86310083E558 /* corner_right@2x.png in Resources */,
				C91E8B3A12AC86310083E558 /* corner_top.png in Resources */,
				C91E8B3B12AC86310083E558 /* corner_top@2x.png in Resources */,
			);
			runOnlyForDeploymentPostprocessing = 0;
		};
/* End PBXResourcesBuildPhase section */

/* Begin PBXShellScriptBuildPhase section */
		C9D0AD2011F09BDE00A84A80 /* ShellScript */ = {
			isa = PBXShellScriptBuildPhase;
			buildActionMask = 2147483647;
			files = (
			);
			inputPaths = (
			);
			outputPaths = (
			);
			runOnlyForDeploymentPostprocessing = 0;
			shellPath = /bin/sh;
			shellScript = "#appledoc -p \"$PROJECT_NAME\" -i \"$SRCROOT\" -o \"$TMPDIR/doc\" --xhtml --docset";
		};
/* End PBXShellScriptBuildPhase section */

/* Begin PBXSourcesBuildPhase section */
		1D60588E0D05DD3D006BFB54 /* Sources */ = {
			isa = PBXSourcesBuildPhase;
			buildActionMask = 2147483647;
			files = (
				1D60589B0D05DD56006BFB54 /* main.m in Sources */,
				1D3623260D0F684500981E51 /* WLContainerControllersAppDelegate.m in Sources */,
				C9D0AC9E11F0943000A84A80 /* WLSwitchController.m in Sources */,
				C9D0AC9F11F0943000A84A80 /* WLContainerController.m in Sources */,
				C9D0ACA011F0943000A84A80 /* ContentController.m in Sources */,
				C941FBF712A6EF5100FB1ADD /* WLSplitViewController.m in Sources */,
				C90BC36C12D291EE002D24F5 /* DetailViewController.m in Sources */,
				C90BC48912D29CF2002D24F5 /* MasterViewController.m in Sources */,
				C9E3ABF0130B3743004A4940 /* UIViewController+WLViewController.m in Sources */,
				C96012DF13ABD2DD005F871B /* NSObject+WLExtension.m in Sources */,
				C96012E213ABD338005F871B /* NSString+WLExtension.m in Sources */,
			);
			runOnlyForDeploymentPostprocessing = 0;
		};
/* End PBXSourcesBuildPhase section */

/* Begin XCBuildConfiguration section */
		1D6058940D05DD3E006BFB54 /* Debug */ = {
			isa = XCBuildConfiguration;
			buildSettings = {
				ALWAYS_SEARCH_USER_PATHS = NO;
				CLANG_ENABLE_OBJC_ARC = YES;
				COPY_PHASE_STRIP = NO;
				GCC_DYNAMIC_NO_PIC = NO;
				GCC_OPTIMIZATION_LEVEL = 0;
				GCC_PRECOMPILE_PREFIX_HEADER = YES;
				GCC_PREFIX_HEADER = WLContainerControllers_Prefix.pch;
				INFOPLIST_FILE = "WLContainerControllers-Info.plist";
				PRODUCT_NAME = WLContainerControllers;
			};
			name = Debug;
		};
		1D6058950D05DD3E006BFB54 /* Release */ = {
			isa = XCBuildConfiguration;
			buildSettings = {
				ALWAYS_SEARCH_USER_PATHS = NO;
				CLANG_ENABLE_OBJC_ARC = YES;
				COPY_PHASE_STRIP = YES;
				GCC_PRECOMPILE_PREFIX_HEADER = YES;
				GCC_PREFIX_HEADER = WLContainerControllers_Prefix.pch;
				INFOPLIST_FILE = "WLContainerControllers-Info.plist";
				PRODUCT_NAME = WLContainerControllers;
				VALIDATE_PRODUCT = YES;
			};
			name = Release;
		};
		C01FCF4F08A954540054247B /* Debug */ = {
			isa = XCBuildConfiguration;
			buildSettings = {
				ARCHS = "$(ARCHS_STANDARD_32_BIT)";
				"CODE_SIGN_IDENTITY[sdk=iphoneos*]" = "iPhone Developer";
				GCC_C_LANGUAGE_STANDARD = c99;
				GCC_PREPROCESSOR_DEFINITIONS = DEBUG;
				GCC_VERSION = com.apple.compilers.llvm.clang.1_0;
				GCC_WARN_ABOUT_MISSING_PROTOTYPES = YES;
				GCC_WARN_ABOUT_RETURN_TYPE = YES;
				GCC_WARN_UNUSED_VARIABLE = YES;
				SDKROOT = iphoneos;
				TARGETED_DEVICE_FAMILY = "1,2";
			};
			name = Debug;
		};
		C01FCF5008A954540054247B /* Release */ = {
			isa = XCBuildConfiguration;
			buildSettings = {
				ARCHS = "$(ARCHS_STANDARD_32_BIT)";
				"CODE_SIGN_IDENTITY[sdk=iphoneos*]" = "iPhone Developer";
				GCC_C_LANGUAGE_STANDARD = c99;
				GCC_VERSION = com.apple.compilers.llvm.clang.1_0;
				GCC_WARN_ABOUT_MISSING_PROTOTYPES = YES;
				GCC_WARN_ABOUT_RETURN_TYPE = YES;
				GCC_WARN_UNUSED_VARIABLE = YES;
				OTHER_CFLAGS = "-DNS_BLOCK_ASSERTIONS=1";
				SDKROOT = iphoneos;
				TARGETED_DEVICE_FAMILY = "1,2";
			};
			name = Release;
		};
/* End XCBuildConfiguration section */

/* Begin XCConfigurationList section */
		1D6058960D05DD3E006BFB54 /* Build configuration list for PBXNativeTarget "WLContainerControllers" */ = {
			isa = XCConfigurationList;
			buildConfigurations = (
				1D6058940D05DD3E006BFB54 /* Debug */,
				1D6058950D05DD3E006BFB54 /* Release */,
			);
			defaultConfigurationIsVisible = 0;
			defaultConfigurationName = Release;
		};
		C01FCF4E08A954540054247B /* Build configuration list for PBXProject "WLContainerControllers" */ = {
			isa = XCConfigurationList;
			buildConfigurations = (
				C01FCF4F08A954540054247B /* Debug */,
				C01FCF5008A954540054247B /* Release */,
			);
			defaultConfigurationIsVisible = 0;
			defaultConfigurationName = Release;
		};
/* End XCConfigurationList section */
	};
	rootObject = 29B97313FDCFA39411CA2CEA /* Project object */;
}
